
Microsoft Visual Studio Solution File, Format Version 12.00
# Visual Studio Version 16
VisualStudioVersion = 16.0.29230.47
MinimumVisualStudioVersion = 10.0.40219.1
Project("{FAE04EC0-301F-11D3-BF4B-00C04F79EFBC}") = "ClassAndMethodExercise2", "ClassAndMethodExercise2\ClassAndMethodExercise2.csproj", "{32A39F43-7DE8-4511-8736-944B34DE93A4}"
EndProject
Global
	GlobalSection(SolutionConfigurationPlatforms) = preSolution
		Debug|Any CPU = Debug|Any CPU
		Release|Any CPU = Release|Any CPU
	EndGlobalSection
	GlobalSection(ProjectConfigurationPlatforms) = postSolution
		{32A39F43-7DE8-4511-8736-944B34DE93A4}.Debug|Any CPU.ActiveCfg = Debug|Any CPU
		{32A39F43-7DE8-4511-8736-944B34DE93A4}.Debug|Any CPU.Build.0 = Debug|Any CPU
		{32A39F43-7DE8-4511-8736-944B34DE93A4}.Release|Any CPU.ActiveCfg = Release|Any CPU
		{32A39F43-7DE8-4511-8736-944B34DE93A4}.Release|Any CPU.Build.0 = Release|Any CPU
	EndGlobalSection
	GlobalSection(SolutionProperties) = preSolution
		HideSolutionNode = FALSE
	EndGlobalSection
	GlobalSection(ExtensibilityGlobals) = postSolution
		SolutionGuid = {8432E82D-D439-4E09-8EC9-A3E2C800C675}
	EndGlobalSection
EndGlobal
