
Microsoft Visual Studio Solution File, Format Version 12.00
# Visual Studio Version 16
VisualStudioVersion = 16.0.29230.47
MinimumVisualStudioVersion = 10.0.40219.1
Project("{FAE04EC0-301F-11D3-BF4B-00C04F79EFBC}") = "MathAndComparisonOperators", "MathAndComparisonOperators\MathAndComparisonOperators.csproj", "{D3F41729-DBDB-482D-B03F-6AD618C92B57}"
EndProject
Global
	GlobalSection(SolutionConfigurationPlatforms) = preSolution
		Debug|Any CPU = Debug|Any CPU
		Release|Any CPU = Release|Any CPU
	EndGlobalSection
	GlobalSection(ProjectConfigurationPlatforms) = postSolution
		{D3F41729-DBDB-482D-B03F-6AD618C92B57}.Debug|Any CPU.ActiveCfg = Debug|Any CPU
		{D3F41729-DBDB-482D-B03F-6AD618C92B57}.Debug|Any CPU.Build.0 = Debug|Any CPU
		{D3F41729-DBDB-482D-B03F-6AD618C92B57}.Release|Any CPU.ActiveCfg = Release|Any CPU
		{D3F41729-DBDB-482D-B03F-6AD618C92B57}.Release|Any CPU.Build.0 = Release|Any CPU
	EndGlobalSection
	GlobalSection(SolutionProperties) = preSolution
		HideSolutionNode = FALSE
	EndGlobalSection
	GlobalSection(ExtensibilityGlobals) = postSolution
		SolutionGuid = {F18139D9-770E-41A1-A868-9439C165E7AC}
	EndGlobalSection
EndGlobal
