
Microsoft Visual Studio Solution File, Format Version 12.00
# Visual Studio Version 16
VisualStudioVersion = 16.0.29230.47
MinimumVisualStudioVersion = 10.0.40219.1
Project("{FAE04EC0-301F-11D3-BF4B-00C04F79EFBC}") = "TechAcadStudentsMVC", "TechAcadStudentsMVC\TechAcadStudentsMVC.csproj", "{682DBFE6-A5B1-4A7D-8B31-A513BF3FD105}"
EndProject
Global
	GlobalSection(SolutionConfigurationPlatforms) = preSolution
		Debug|Any CPU = Debug|Any CPU
		Release|Any CPU = Release|Any CPU
	EndGlobalSection
	GlobalSection(ProjectConfigurationPlatforms) = postSolution
		{682DBFE6-A5B1-4A7D-8B31-A513BF3FD105}.Debug|Any CPU.ActiveCfg = Debug|Any CPU
		{682DBFE6-A5B1-4A7D-8B31-A513BF3FD105}.Debug|Any CPU.Build.0 = Debug|Any CPU
		{682DBFE6-A5B1-4A7D-8B31-A513BF3FD105}.Release|Any CPU.ActiveCfg = Release|Any CPU
		{682DBFE6-A5B1-4A7D-8B31-A513BF3FD105}.Release|Any CPU.Build.0 = Release|Any CPU
	EndGlobalSection
	GlobalSection(SolutionProperties) = preSolution
		HideSolutionNode = FALSE
	EndGlobalSection
	GlobalSection(ExtensibilityGlobals) = postSolution
		SolutionGuid = {37DB272C-D58C-4F63-B715-37E9B42E59A4}
	EndGlobalSection
EndGlobal
