
Microsoft Visual Studio Solution File, Format Version 12.00
# Visual Studio Version 16
VisualStudioVersion = 16.0.29230.47
MinimumVisualStudioVersion = 10.0.40219.1
Project("{FAE04EC0-301F-11D3-BF4B-00C04F79EFBC}") = "StructExercise", "StructExercise\StructExercise.csproj", "{939FEBE6-925A-4949-8AEB-97E904C611C7}"
EndProject
Global
	GlobalSection(SolutionConfigurationPlatforms) = preSolution
		Debug|Any CPU = Debug|Any CPU
		Release|Any CPU = Release|Any CPU
	EndGlobalSection
	GlobalSection(ProjectConfigurationPlatforms) = postSolution
		{939FEBE6-925A-4949-8AEB-97E904C611C7}.Debug|Any CPU.ActiveCfg = Debug|Any CPU
		{939FEBE6-925A-4949-8AEB-97E904C611C7}.Debug|Any CPU.Build.0 = Debug|Any CPU
		{939FEBE6-925A-4949-8AEB-97E904C611C7}.Release|Any CPU.ActiveCfg = Release|Any CPU
		{939FEBE6-925A-4949-8AEB-97E904C611C7}.Release|Any CPU.Build.0 = Release|Any CPU
	EndGlobalSection
	GlobalSection(SolutionProperties) = preSolution
		HideSolutionNode = FALSE
	EndGlobalSection
	GlobalSection(ExtensibilityGlobals) = postSolution
		SolutionGuid = {5430702E-CB94-4BE5-9DA8-3C6890C2ABCF}
	EndGlobalSection
EndGlobal
