
Microsoft Visual Studio Solution File, Format Version 12.00
# Visual Studio Version 16
VisualStudioVersion = 16.0.29230.47
MinimumVisualStudioVersion = 10.0.40219.1
Project("{FAE04EC0-301F-11D3-BF4B-00C04F79EFBC}") = "Iteration", "Iteration\Iteration.csproj", "{8608B86A-6854-4159-9DB2-1A6AE7C4ACA5}"
EndProject
Global
	GlobalSection(SolutionConfigurationPlatforms) = preSolution
		Debug|Any CPU = Debug|Any CPU
		Release|Any CPU = Release|Any CPU
	EndGlobalSection
	GlobalSection(ProjectConfigurationPlatforms) = postSolution
		{8608B86A-6854-4159-9DB2-1A6AE7C4ACA5}.Debug|Any CPU.ActiveCfg = Debug|Any CPU
		{8608B86A-6854-4159-9DB2-1A6AE7C4ACA5}.Debug|Any CPU.Build.0 = Debug|Any CPU
		{8608B86A-6854-4159-9DB2-1A6AE7C4ACA5}.Release|Any CPU.ActiveCfg = Release|Any CPU
		{8608B86A-6854-4159-9DB2-1A6AE7C4ACA5}.Release|Any CPU.Build.0 = Release|Any CPU
	EndGlobalSection
	GlobalSection(SolutionProperties) = preSolution
		HideSolutionNode = FALSE
	EndGlobalSection
	GlobalSection(ExtensibilityGlobals) = postSolution
		SolutionGuid = {BD7A6754-AD36-42AD-95DD-4035877664E6}
	EndGlobalSection
EndGlobal
