
Microsoft Visual Studio Solution File, Format Version 12.00
# Visual Studio Version 16
VisualStudioVersion = 16.0.29230.47
MinimumVisualStudioVersion = 10.0.40219.1
Project("{FAE04EC0-301F-11D3-BF4B-00C04F79EFBC}") = "LoopAndIterationExercise", "LoopAndIterationExercise\LoopAndIterationExercise.csproj", "{C9DAEE7D-CC96-42EE-96FA-C80D924AD0D6}"
EndProject
Global
	GlobalSection(SolutionConfigurationPlatforms) = preSolution
		Debug|Any CPU = Debug|Any CPU
		Release|Any CPU = Release|Any CPU
	EndGlobalSection
	GlobalSection(ProjectConfigurationPlatforms) = postSolution
		{C9DAEE7D-CC96-42EE-96FA-C80D924AD0D6}.Debug|Any CPU.ActiveCfg = Debug|Any CPU
		{C9DAEE7D-CC96-42EE-96FA-C80D924AD0D6}.Debug|Any CPU.Build.0 = Debug|Any CPU
		{C9DAEE7D-CC96-42EE-96FA-C80D924AD0D6}.Release|Any CPU.ActiveCfg = Release|Any CPU
		{C9DAEE7D-CC96-42EE-96FA-C80D924AD0D6}.Release|Any CPU.Build.0 = Release|Any CPU
	EndGlobalSection
	GlobalSection(SolutionProperties) = preSolution
		HideSolutionNode = FALSE
	EndGlobalSection
	GlobalSection(ExtensibilityGlobals) = postSolution
		SolutionGuid = {CDAE7721-DF3A-4D25-85C6-54AC4AD4F538}
	EndGlobalSection
EndGlobal
